Microsoft Visual Studio Solution File, Format Version 12.00
# Visual Studio Version 17
VisualStudioVersion = 17.5.2.0
MinimumVisualStudioVersion = 10.0.40219.1
Project("{2150E333-8FDC-42A3-9474-1A3956D46DE8}") = "01", "01", "{DF173627-ACA5-12FD-23F9-235B83D7F89A}"
EndProject
Project("{2150E333-8FDC-42A3-9474-1A3956D46DE8}") = "02", "02", "{90C0C08D-8EBE-550D-E0B5-AEEA9C22D46E}"
EndProject
Project("{2150E333-8FDC-42A3-9474-1A3956D46DE8}") = "03", "03", "{296032B5-9ABF-E3B8-7628-92A72283A574}"
EndProject
Project("{2150E333-8FDC-42A3-9474-1A3956D46DE8}") = "04", "04", "{323CD3D6-9173-0722-1A84-D17C70DFCCFA}"
EndProject
Project("{2150E333-8FDC-42A3-9474-1A3956D46DE8}") = "05", "05", "{8D732E59-9706-F40E-D1C7-3FD034A8AA7D}"
EndProject
Project("{2150E333-8FDC-42A3-9474-1A3956D46DE8}") = "06", "06", "{E89A2F7A-0448-E749-C7CF-65632820F9C1}"
EndProject
Project("{2150E333-8FDC-42A3-9474-1A3956D46DE8}") = "07", "07", "{2C9E502E-D04B-3D3D-DCF5-AD1D46DACA15}"
EndProject
Project("{2150E333-8FDC-42A3-9474-1A3956D46DE8}") = "08", "08", "{D15183F9-8454-3CEF-DAF8-582F5215D342}"
EndProject
Project("{2150E333-8FDC-42A3-9474-1A3956D46DE8}") = "09", "09", "{362B53DA-4DF9-E3E9-0B35-1FDA6110D520}"
EndProject
Project("{2150E333-8FDC-42A3-9474-1A3956D46DE8}") = "10", "10", "{43248F13-1DCA-5F22-26C1-D82CF8A76A70}"
EndProject
Project("{2150E333-8FDC-42A3-9474-1A3956D46DE8}") = "11", "11", "{1864D61D-C755-22EE-C80E-6F847A25EF3E}"
EndProject
Project("{2150E333-8FDC-42A3-9474-1A3956D46DE8}") = "12", "12", "{8E546C1F-B761-C9BA-A18F-7677E224EB7B}"
EndProject
Project("{2150E333-8FDC-42A3-9474-1A3956D46DE8}") = "claude-opus-4.5", "claude-opus-4.5", "{CF145DEC-C1BE-AA95-EAB7-2775EF6D7C46}"
EndProject
Project("{FAE04EC0-301F-11D3-BF4B-00C04F79EFBC}") = "day-01", "01\claude-opus-4.5\dotnet\day-01.csproj", "{4F7A5081-5619-C624-E6B8-F03A74D39B07}"
EndProject
Project("{2150E333-8FDC-42A3-9474-1A3956D46DE8}") = "gemini-3.0-pro", "gemini-3.0-pro", "{4A0B1762-D14B-9BCB-248A-BABA5A429548}"
EndProject
Project("{FAE04EC0-301F-11D3-BF4B-00C04F79EFBC}") = "day-01", "01\gemini-3.0-pro\dotnet\day-01.csproj", "{BD120EC5-D62B-EFDD-E271-E566F23A483C}"
EndProject
Project("{2150E333-8FDC-42A3-9474-1A3956D46DE8}") = "gpt-5.1", "gpt-5.1", "{A9A6C01E-EB6D-E2BD-3B41-3862F28747D5}"
EndProject
Project("{FAE04EC0-301F-11D3-BF4B-00C04F79EFBC}") = "day-01", "01\gpt-5.1\dotnet\day-01.csproj", "{C2116322-E0A3-9A98-F3F5-04297CA81DCF}"
EndProject
Project("{2150E333-8FDC-42A3-9474-1A3956D46DE8}") = "claude-opus-4.5", "claude-opus-4.5", "{F01FB36B-A9E5-524D-8508-AAA486F6D7E4}"
EndProject
Project("{FAE04EC0-301F-11D3-BF4B-00C04F79EFBC}") = "day-02", "02\claude-opus-4.5\dotnet\day-02.csproj", "{2CFB8806-ED68-6C20-27AA-FEB3A4A9C6F0}"
EndProject
Project("{2150E333-8FDC-42A3-9474-1A3956D46DE8}") = "gemini-3.0-pro", "gemini-3.0-pro", "{9365D833-01DF-65FA-3924-12E571E46FA4}"
EndProject
Project("{FAE04EC0-301F-11D3-BF4B-00C04F79EFBC}") = "day-02", "02\gemini-3.0-pro\dotnet\day-02.csproj", "{330166B4-16B6-2271-0918-8AF8C956A65F}"
EndProject
Project("{2150E333-8FDC-42A3-9474-1A3956D46DE8}") = "gpt-5.1", "gpt-5.1", "{61EDA8BB-58FE-2EF0-CF93-B6CD6C313326}"
EndProject
Project("{FAE04EC0-301F-11D3-BF4B-00C04F79EFBC}") = "day-02", "02\gpt-5.1\dotnet\day-02.csproj", "{34EFEEBF-86C7-8896-6311-43177B74C44A}"
EndProject
Project("{2150E333-8FDC-42A3-9474-1A3956D46DE8}") = "claude-opus-4.5", "claude-opus-4.5", "{A4982DA6-C8AE-AB35-69E8-EF9C0749AB59}"
EndProject
Project("{FAE04EC0-301F-11D3-BF4B-00C04F79EFBC}") = "day-03", "03\claude-opus-4.5\dotnet\day-03.csproj", "{C44D513D-4876-647D-FA45-EF9564F94F76}"
EndProject
Project("{2150E333-8FDC-42A3-9474-1A3956D46DE8}") = "gemini-3.0-pro", "gemini-3.0-pro", "{47DA59AF-9360-948C-7165-72B89F0D5FA1}"
EndProject
Project("{FAE04EC0-301F-11D3-BF4B-00C04F79EFBC}") = "day-03", "03\gemini-3.0-pro\dotnet\day-03.csproj", "{61C02ADA-EF2C-6DE3-1F68-D4F9FEB23E8A}"
EndProject
Project("{2150E333-8FDC-42A3-9474-1A3956D46DE8}") = "gpt-5.1", "gpt-5.1", "{C3F253AA-B58D-D314-8A42-74200E002742}"
EndProject
Project("{FAE04EC0-301F-11D3-BF4B-00C04F79EFBC}") = "day-03", "03\gpt-5.1\dotnet\day-03.csproj", "{107D9801-72D3-A05C-A184-A76B45E49280}"
EndProject
Project("{2150E333-8FDC-42A3-9474-1A3956D46DE8}") = "claude-opus-4.5", "claude-opus-4.5", "{A44A9F6F-C7CF-BF3D-4762-1342D81FD466}"
EndProject
Project("{FAE04EC0-301F-11D3-BF4B-00C04F79EFBC}") = "day-04", "04\claude-opus-4.5\dotnet\day-04.csproj", "{23649236-E688-F120-5B31-ED4B944DBA10}"
EndProject
Project("{2150E333-8FDC-42A3-9474-1A3956D46DE8}") = "gemini-3.0-pro", "gemini-3.0-pro", "{FD0A70DA-D8DE-1F8D-223C-B8CEED73CB34}"
EndProject
Project("{FAE04EC0-301F-11D3-BF4B-00C04F79EFBC}") = "day-04", "04\gemini-3.0-pro\dotnet\day-04.csproj", "{D27322D6-7F5E-AEF4-57F6-B9AB739A38F9}"
EndProject
Project("{2150E333-8FDC-42A3-9474-1A3956D46DE8}") = "gpt-5.1", "gpt-5.1", "{09CAAF85-C73F-66AB-D87D-2B09A2D32E8B}"
EndProject
Project("{FAE04EC0-301F-11D3-BF4B-00C04F79EFBC}") = "day-04", "04\gpt-5.1\dotnet\day-04.csproj", "{86CDA5C3-E8CA-401E-7603-DE1DC1A7364E}"
EndProject
Project("{2150E333-8FDC-42A3-9474-1A3956D46DE8}") = "claude-opus-4.5", "claude-opus-4.5", "{8B8E4D51-FC82-F6E4-2BCA-13A5E5FB6694}"
EndProject
Project("{FAE04EC0-301F-11D3-BF4B-00C04F79EFBC}") = "day-05", "05\claude-opus-4.5\dotnet\day-05.csproj", "{D4AE3F2C-2128-1C41-FC18-67FC45F1AD03}"
EndProject
Project("{2150E333-8FDC-42A3-9474-1A3956D46DE8}") = "gemini-3.0-pro", "gemini-3.0-pro", "{876907B7-27EC-4CFE-E5ED-21E1E1F5F8D6}"
EndProject
Project("{FAE04EC0-301F-11D3-BF4B-00C04F79EFBC}") = "day-05", "05\gemini-3.0-pro\dotnet\day-05.csproj", "{BD5B8B01-3B28-F599-6FC2-6BE26393F544}"
EndProject
Project("{2150E333-8FDC-42A3-9474-1A3956D46DE8}") = "gpt-5.1", "gpt-5.1", "{50C1E196-B079-6C6D-4070-F4B3D3BA6157}"
EndProject
Project("{FAE04EC0-301F-11D3-BF4B-00C04F79EFBC}") = "day-05", "05\gpt-5.1\dotnet\day-05.csproj", "{520D2F4F-F188-5E20-6D3F-87CA96F2AF67}"
EndProject
Project("{2150E333-8FDC-42A3-9474-1A3956D46DE8}") = "claude-opus-4.5", "claude-opus-4.5", "{8D6C53A6-9A23-8B5D-D154-FCF788458635}"
EndProject
Project("{FAE04EC0-301F-11D3-BF4B-00C04F79EFBC}") = "day-06", "06\claude-opus-4.5\dotnet\day-06.csproj", "{D5FF76C8-9BF4-8F25-C50A-C554D6248858}"
EndProject
Project("{2150E333-8FDC-42A3-9474-1A3956D46DE8}") = "gemini-3.0-pro", "gemini-3.0-pro", "{F4996677-A6B3-1D5D-C024-7BD182D4A8BA}"
EndProject
Project("{FAE04EC0-301F-11D3-BF4B-00C04F79EFBC}") = "day-06", "06\gemini-3.0-pro\dotnet\day-06.csproj", "{4E065E12-3471-6DF6-069A-8DD32E2B87CD}"
EndProject
Project("{2150E333-8FDC-42A3-9474-1A3956D46DE8}") = "gpt-5.1", "gpt-5.1", "{D534BC8E-00FF-0A05-3B7C-C3BADEC05511}"
EndProject
Project("{FAE04EC0-301F-11D3-BF4B-00C04F79EFBC}") = "day-06", "06\gpt-5.1\dotnet\day-06.csproj", "{A2740A1A-0C7C-F670-DC27-AEFE973B215C}"
EndProject
Project("{2150E333-8FDC-42A3-9474-1A3956D46DE8}") = "claude-opus-4.5", "claude-opus-4.5", "{0B213B14-424F-AFD6-642E-FC327507AB5A}"
EndProject
Project("{FAE04EC0-301F-11D3-BF4B-00C04F79EFBC}") = "day-07", "07\claude-opus-4.5\dotnet\day-07.csproj", "{A01F6AFD-1402-5815-01DA-A68C58650D24}"
EndProject
Project("{2150E333-8FDC-42A3-9474-1A3956D46DE8}") = "gemini-3.0-pro", "gemini-3.0-pro", "{E8787872-FC6F-176B-17B7-19EC54A4F281}"
EndProject
Project("{FAE04EC0-301F-11D3-BF4B-00C04F79EFBC}") = "day-07", "07\gemini-3.0-pro\dotnet\day-07.csproj", "{2F2C0B55-0ADF-E1EC-AE48-ABC13ED960B7}"
EndProject
Project("{2150E333-8FDC-42A3-9474-1A3956D46DE8}") = "gpt-5.1", "gpt-5.1", "{62DB9154-3CE4-3AED-6098-FC086B0569CB}"
EndProject
Project("{FAE04EC0-301F-11D3-BF4B-00C04F79EFBC}") = "day-07", "07\gpt-5.1\dotnet\day-07.csproj", "{DA0561AE-0A00-D155-48C2-E28EA8DDE39E}"
EndProject
Project("{2150E333-8FDC-42A3-9474-1A3956D46DE8}") = "claude-opus-4.5", "claude-opus-4.5", "{D68BEFA2-0E2C-A039-1E6D-02D4FDC6EEA1}"
EndProject
Project("{FAE04EC0-301F-11D3-BF4B-00C04F79EFBC}") = "day-08", "08\claude-opus-4.5\dotnet\day-08.csproj", "{29D1CA41-424D-6E1C-3F29-E89485705782}"
EndProject
Project("{2150E333-8FDC-42A3-9474-1A3956D46DE8}") = "gemini-3.0-pro", "gemini-3.0-pro", "{E7B2B85F-B921-931C-0505-EA3CFBC35AFE}"
EndProject
Project("{FAE04EC0-301F-11D3-BF4B-00C04F79EFBC}") = "day-08", "08\gemini-3.0-pro\dotnet\day-08.csproj", "{B8F0A0A1-72E8-1451-9AAC-E0AD6D2E713F}"
EndProject
Project("{2150E333-8FDC-42A3-9474-1A3956D46DE8}") = "gpt-5.1", "gpt-5.1", "{5D213FDB-7089-98EB-009B-3E971CD47DE4}"
EndProject
Project("{FAE04EC0-301F-11D3-BF4B-00C04F79EFBC}") = "day-08", "08\gpt-5.1\dotnet\day-08.csproj", "{9E723E70-D57A-260F-7A22-F7558D3D117F}"
EndProject
Project("{2150E333-8FDC-42A3-9474-1A3956D46DE8}") = "claude-opus-4.5", "claude-opus-4.5", "{6F6F03D8-5E79-0262-E2A3-55A46F18C549}"
EndProject
Project("{FAE04EC0-301F-11D3-BF4B-00C04F79EFBC}") = "day-09", "09\claude-opus-4.5\dotnet\day-09.csproj", "{B0754782-2B1A-A1F6-9525-47C57B2C6C54}"
EndProject
Project("{2150E333-8FDC-42A3-9474-1A3956D46DE8}") = "gemini-3.0-pro", "gemini-3.0-pro", "{37F91252-09CD-F1FD-15FF-F65C41A62A64}"
EndProject
Project("{FAE04EC0-301F-11D3-BF4B-00C04F79EFBC}") = "day-09", "09\gemini-3.0-pro\dotnet\day-09.csproj", "{C36E4D3B-42CF-10DE-BA2E-2EB47F56D067}"
EndProject
Project("{2150E333-8FDC-42A3-9474-1A3956D46DE8}") = "gpt-5.1", "gpt-5.1", "{BEDA198B-C237-82BF-5EB5-9812D2575961}"
EndProject
Project("{FAE04EC0-301F-11D3-BF4B-00C04F79EFBC}") = "day-09", "09\gpt-5.1\dotnet\day-09.csproj", "{9A89ECAE-10CB-5C08-387A-0C86E996B26E}"
EndProject
Project("{2150E333-8FDC-42A3-9474-1A3956D46DE8}") = "claude-opus-4.5", "claude-opus-4.5", "{ADA712C3-9190-076C-A1F7-BF36A7B26507}"
EndProject
Project("{FAE04EC0-301F-11D3-BF4B-00C04F79EFBC}") = "day-10", "10\claude-opus-4.5\dotnet\day-10.csproj", "{F3F84F31-B572-D485-A56B-77EE5792E43D}"
EndProject
Project("{2150E333-8FDC-42A3-9474-1A3956D46DE8}") = "gemini-3.0-pro", "gemini-3.0-pro", "{74118F59-1FA3-671B-6F69-6C555B913879}"
EndProject
Project("{FAE04EC0-301F-11D3-BF4B-00C04F79EFBC}") = "day-10", "10\gemini-3.0-pro\dotnet\day-10.csproj", "{7BA333C9-4AC2-F9B9-CDDF-C16FEC76A0BD}"
EndProject
Project("{2150E333-8FDC-42A3-9474-1A3956D46DE8}") = "gpt-5.1", "gpt-5.1", "{39E1AF96-4B71-D597-B21A-917017DD4BBD}"
EndProject
Project("{FAE04EC0-301F-11D3-BF4B-00C04F79EFBC}") = "day-10", "10\gpt-5.1\dotnet\day-10.csproj", "{43846172-65AA-FE49-DC6A-0405266BA116}"
EndProject
Project("{2150E333-8FDC-42A3-9474-1A3956D46DE8}") = "claude-opus-4.5", "claude-opus-4.5", "{EA7036EE-5B97-0D45-B0A8-EE1465D96B56}"
EndProject
Project("{FAE04EC0-301F-11D3-BF4B-00C04F79EFBC}") = "day-11", "11\claude-opus-4.5\dotnet\day-11.csproj", "{506AB157-5060-87FC-A2FB-FFDF88FADA5F}"
EndProject
Project("{2150E333-8FDC-42A3-9474-1A3956D46DE8}") = "gemini-3.0-pro", "gemini-3.0-pro", "{7EC257A8-1FE2-4639-3601-670BD1278509}"
EndProject
Project("{FAE04EC0-301F-11D3-BF4B-00C04F79EFBC}") = "day-11", "11\gemini-3.0-pro\dotnet\day-11.csproj", "{F985B032-7710-811F-F253-87F4907C365C}"
EndProject
Project("{2150E333-8FDC-42A3-9474-1A3956D46DE8}") = "gpt-5.1", "gpt-5.1", "{1E5A9F02-7A96-12B6-4B25-6F97423E7442}"
EndProject
Project("{FAE04EC0-301F-11D3-BF4B-00C04F79EFBC}") = "day-11", "11\gpt-5.1\dotnet\day-11.csproj", "{38665895-87D4-8C59-FC54-2E0C4F30517A}"
EndProject
Project("{2150E333-8FDC-42A3-9474-1A3956D46DE8}") = "claude-opus-4.5", "claude-opus-4.5", "{1D595A03-E50D-639F-C85F-EA8E0E42B7D5}"
EndProject
Project("{FAE04EC0-301F-11D3-BF4B-00C04F79EFBC}") = "day-12", "12\claude-opus-4.5\dotnet\day-12.csproj", "{B0E125AB-071F-A717-53AB-D8D09A0A0870}"
EndProject
Project("{2150E333-8FDC-42A3-9474-1A3956D46DE8}") = "gemini-3.0-pro", "gemini-3.0-pro", "{BCDCB0BA-2A1A-982D-B2D4-E1C2922CC8BF}"
EndProject
Project("{FAE04EC0-301F-11D3-BF4B-00C04F79EFBC}") = "day-12", "12\gemini-3.0-pro\dotnet\day-12.csproj", "{3BBF954A-8417-1CBD-5065-8746EF20762A}"
EndProject
Project("{2150E333-8FDC-42A3-9474-1A3956D46DE8}") = "gpt-5.1", "gpt-5.1", "{E80DAD0C-439D-5B7A-723B-061D72B17404}"
EndProject
Project("{FAE04EC0-301F-11D3-BF4B-00C04F79EFBC}") = "day-12", "12\gpt-5.1\dotnet\day-12.csproj", "{80684121-89AE-98EB-5AB7-5394345455A9}"
EndProject
Global
	GlobalSection(SolutionConfigurationPlatforms) = preSolution
		Debug|Any CPU = Debug|Any CPU
		Release|Any CPU = Release|Any CPU
	EndGlobalSection
	GlobalSection(ProjectConfigurationPlatforms) = postSolution
		{4F7A5081-5619-C624-E6B8-F03A74D39B07}.Debug|Any CPU.ActiveCfg = Debug|Any CPU
		{4F7A5081-5619-C624-E6B8-F03A74D39B07}.Debug|Any CPU.Build.0 = Debug|Any CPU
		{4F7A5081-5619-C624-E6B8-F03A74D39B07}.Release|Any CPU.ActiveCfg = Release|Any CPU
		{4F7A5081-5619-C624-E6B8-F03A74D39B07}.Release|Any CPU.Build.0 = Release|Any CPU
		{BD120EC5-D62B-EFDD-E271-E566F23A483C}.Debug|Any CPU.ActiveCfg = Debug|Any CPU
		{BD120EC5-D62B-EFDD-E271-E566F23A483C}.Debug|Any CPU.Build.0 = Debug|Any CPU
		{BD120EC5-D62B-EFDD-E271-E566F23A483C}.Release|Any CPU.ActiveCfg = Release|Any CPU
		{BD120EC5-D62B-EFDD-E271-E566F23A483C}.Release|Any CPU.Build.0 = Release|Any CPU
		{C2116322-E0A3-9A98-F3F5-04297CA81DCF}.Debug|Any CPU.ActiveCfg = Debug|Any CPU
		{C2116322-E0A3-9A98-F3F5-04297CA81DCF}.Debug|Any CPU.Build.0 = Debug|Any CPU
		{C2116322-E0A3-9A98-F3F5-04297CA81DCF}.Release|Any CPU.ActiveCfg = Release|Any CPU
		{C2116322-E0A3-9A98-F3F5-04297CA81DCF}.Release|Any CPU.Build.0 = Release|Any CPU
		{2CFB8806-ED68-6C20-27AA-FEB3A4A9C6F0}.Debug|Any CPU.ActiveCfg = Debug|Any CPU
		{2CFB8806-ED68-6C20-27AA-FEB3A4A9C6F0}.Debug|Any CPU.Build.0 = Debug|Any CPU
		{2CFB8806-ED68-6C20-27AA-FEB3A4A9C6F0}.Release|Any CPU.ActiveCfg = Release|Any CPU
		{2CFB8806-ED68-6C20-27AA-FEB3A4A9C6F0}.Release|Any CPU.Build.0 = Release|Any CPU
		{330166B4-16B6-2271-0918-8AF8C956A65F}.Debug|Any CPU.ActiveCfg = Debug|Any CPU
		{330166B4-16B6-2271-0918-8AF8C956A65F}.Debug|Any CPU.Build.0 = Debug|Any CPU
		{330166B4-16B6-2271-0918-8AF8C956A65F}.Release|Any CPU.ActiveCfg = Release|Any CPU
		{330166B4-16B6-2271-0918-8AF8C956A65F}.Release|Any CPU.Build.0 = Release|Any CPU
		{34EFEEBF-86C7-8896-6311-43177B74C44A}.Debug|Any CPU.ActiveCfg = Debug|Any CPU
		{34EFEEBF-86C7-8896-6311-43177B74C44A}.Debug|Any CPU.Build.0 = Debug|Any CPU
		{34EFEEBF-86C7-8896-6311-43177B74C44A}.Release|Any CPU.ActiveCfg = Release|Any CPU
		{34EFEEBF-86C7-8896-6311-43177B74C44A}.Release|Any CPU.Build.0 = Release|Any CPU
		{C44D513D-4876-647D-FA45-EF9564F94F76}.Debug|Any CPU.ActiveCfg = Debug|Any CPU
		{C44D513D-4876-647D-FA45-EF9564F94F76}.Debug|Any CPU.Build.0 = Debug|Any CPU
		{C44D513D-4876-647D-FA45-EF9564F94F76}.Release|Any CPU.ActiveCfg = Release|Any CPU
		{C44D513D-4876-647D-FA45-EF9564F94F76}.Release|Any CPU.Build.0 = Release|Any CPU
		{61C02ADA-EF2C-6DE3-1F68-D4F9FEB23E8A}.Debug|Any CPU.ActiveCfg = Debug|Any CPU
		{61C02ADA-EF2C-6DE3-1F68-D4F9FEB23E8A}.Debug|Any CPU.Build.0 = Debug|Any CPU
		{61C02ADA-EF2C-6DE3-1F68-D4F9FEB23E8A}.Release|Any CPU.ActiveCfg = Release|Any CPU
		{61C02ADA-EF2C-6DE3-1F68-D4F9FEB23E8A}.Release|Any CPU.Build.0 = Release|Any CPU
		{107D9801-72D3-A05C-A184-A76B45E49280}.Debug|Any CPU.ActiveCfg = Debug|Any CPU
		{107D9801-72D3-A05C-A184-A76B45E49280}.Debug|Any CPU.Build.0 = Debug|Any CPU
		{107D9801-72D3-A05C-A184-A76B45E49280}.Release|Any CPU.ActiveCfg = Release|Any CPU
		{107D9801-72D3-A05C-A184-A76B45E49280}.Release|Any CPU.Build.0 = Release|Any CPU
		{23649236-E688-F120-5B31-ED4B944DBA10}.Debug|Any CPU.ActiveCfg = Debug|Any CPU
		{23649236-E688-F120-5B31-ED4B944DBA10}.Debug|Any CPU.Build.0 = Debug|Any CPU
		{23649236-E688-F120-5B31-ED4B944DBA10}.Release|Any CPU.ActiveCfg = Release|Any CPU
		{23649236-E688-F120-5B31-ED4B944DBA10}.Release|Any CPU.Build.0 = Release|Any CPU
		{D27322D6-7F5E-AEF4-57F6-B9AB739A38F9}.Debug|Any CPU.ActiveCfg = Debug|Any CPU
		{D27322D6-7F5E-AEF4-57F6-B9AB739A38F9}.Debug|Any CPU.Build.0 = Debug|Any CPU
		{D27322D6-7F5E-AEF4-57F6-B9AB739A38F9}.Release|Any CPU.ActiveCfg = Release|Any CPU
		{D27322D6-7F5E-AEF4-57F6-B9AB739A38F9}.Release|Any CPU.Build.0 = Release|Any CPU
		{86CDA5C3-E8CA-401E-7603-DE1DC1A7364E}.Debug|Any CPU.ActiveCfg = Debug|Any CPU
		{86CDA5C3-E8CA-401E-7603-DE1DC1A7364E}.Debug|Any CPU.Build.0 = Debug|Any CPU
		{86CDA5C3-E8CA-401E-7603-DE1DC1A7364E}.Release|Any CPU.ActiveCfg = Release|Any CPU
		{86CDA5C3-E8CA-401E-7603-DE1DC1A7364E}.Release|Any CPU.Build.0 = Release|Any CPU
		{D4AE3F2C-2128-1C41-FC18-67FC45F1AD03}.Debug|Any CPU.ActiveCfg = Debug|Any CPU
		{D4AE3F2C-2128-1C41-FC18-67FC45F1AD03}.Debug|Any CPU.Build.0 = Debug|Any CPU
		{D4AE3F2C-2128-1C41-FC18-67FC45F1AD03}.Release|Any CPU.ActiveCfg = Release|Any CPU
		{D4AE3F2C-2128-1C41-FC18-67FC45F1AD03}.Release|Any CPU.Build.0 = Release|Any CPU
		{BD5B8B01-3B28-F599-6FC2-6BE26393F544}.Debug|Any CPU.ActiveCfg = Debug|Any CPU
		{BD5B8B01-3B28-F599-6FC2-6BE26393F544}.Debug|Any CPU.Build.0 = Debug|Any CPU
		{BD5B8B01-3B28-F599-6FC2-6BE26393F544}.Release|Any CPU.ActiveCfg = Release|Any CPU
		{BD5B8B01-3B28-F599-6FC2-6BE26393F544}.Release|Any CPU.Build.0 = Release|Any CPU
		{520D2F4F-F188-5E20-6D3F-87CA96F2AF67}.Debug|Any CPU.ActiveCfg = Debug|Any CPU
		{520D2F4F-F188-5E20-6D3F-87CA96F2AF67}.Debug|Any CPU.Build.0 = Debug|Any CPU
		{520D2F4F-F188-5E20-6D3F-87CA96F2AF67}.Release|Any CPU.ActiveCfg = Release|Any CPU
		{520D2F4F-F188-5E20-6D3F-87CA96F2AF67}.Release|Any CPU.Build.0 = Release|Any CPU
		{D5FF76C8-9BF4-8F25-C50A-C554D6248858}.Debug|Any CPU.ActiveCfg = Debug|Any CPU
		{D5FF76C8-9BF4-8F25-C50A-C554D6248858}.Debug|Any CPU.Build.0 = Debug|Any CPU
		{D5FF76C8-9BF4-8F25-C50A-C554D6248858}.Release|Any CPU.ActiveCfg = Release|Any CPU
		{D5FF76C8-9BF4-8F25-C50A-C554D6248858}.Release|Any CPU.Build.0 = Release|Any CPU
		{4E065E12-3471-6DF6-069A-8DD32E2B87CD}.Debug|Any CPU.ActiveCfg = Debug|Any CPU
		{4E065E12-3471-6DF6-069A-8DD32E2B87CD}.Debug|Any CPU.Build.0 = Debug|Any CPU
		{4E065E12-3471-6DF6-069A-8DD32E2B87CD}.Release|Any CPU.ActiveCfg = Release|Any CPU
		{4E065E12-3471-6DF6-069A-8DD32E2B87CD}.Release|Any CPU.Build.0 = Release|Any CPU
		{A2740A1A-0C7C-F670-DC27-AEFE973B215C}.Debug|Any CPU.ActiveCfg = Debug|Any CPU
		{A2740A1A-0C7C-F670-DC27-AEFE973B215C}.Debug|Any CPU.Build.0 = Debug|Any CPU
		{A2740A1A-0C7C-F670-DC27-AEFE973B215C}.Release|Any CPU.ActiveCfg = Release|Any CPU
		{A2740A1A-0C7C-F670-DC27-AEFE973B215C}.Release|Any CPU.Build.0 = Release|Any CPU
		{A01F6AFD-1402-5815-01DA-A68C58650D24}.Debug|Any CPU.ActiveCfg = Debug|Any CPU
		{A01F6AFD-1402-5815-01DA-A68C58650D24}.Debug|Any CPU.Build.0 = Debug|Any CPU
		{A01F6AFD-1402-5815-01DA-A68C58650D24}.Release|Any CPU.ActiveCfg = Release|Any CPU
		{A01F6AFD-1402-5815-01DA-A68C58650D24}.Release|Any CPU.Build.0 = Release|Any CPU
		{2F2C0B55-0ADF-E1EC-AE48-ABC13ED960B7}.Debug|Any CPU.ActiveCfg = Debug|Any CPU
		{2F2C0B55-0ADF-E1EC-AE48-ABC13ED960B7}.Debug|Any CPU.Build.0 = Debug|Any CPU
		{2F2C0B55-0ADF-E1EC-AE48-ABC13ED960B7}.Release|Any CPU.ActiveCfg = Release|Any CPU
		{2F2C0B55-0ADF-E1EC-AE48-ABC13ED960B7}.Release|Any CPU.Build.0 = Release|Any CPU
		{DA0561AE-0A00-D155-48C2-E28EA8DDE39E}.Debug|Any CPU.ActiveCfg = Debug|Any CPU
		{DA0561AE-0A00-D155-48C2-E28EA8DDE39E}.Debug|Any CPU.Build.0 = Debug|Any CPU
		{DA0561AE-0A00-D155-48C2-E28EA8DDE39E}.Release|Any CPU.ActiveCfg = Release|Any CPU
		{DA0561AE-0A00-D155-48C2-E28EA8DDE39E}.Release|Any CPU.Build.0 = Release|Any CPU
		{29D1CA41-424D-6E1C-3F29-E89485705782}.Debug|Any CPU.ActiveCfg = Debug|Any CPU
		{29D1CA41-424D-6E1C-3F29-E89485705782}.Debug|Any CPU.Build.0 = Debug|Any CPU
		{29D1CA41-424D-6E1C-3F29-E89485705782}.Release|Any CPU.ActiveCfg = Release|Any CPU
		{29D1CA41-424D-6E1C-3F29-E89485705782}.Release|Any CPU.Build.0 = Release|Any CPU
		{B8F0A0A1-72E8-1451-9AAC-E0AD6D2E713F}.Debug|Any CPU.ActiveCfg = Debug|Any CPU
		{B8F0A0A1-72E8-1451-9AAC-E0AD6D2E713F}.Debug|Any CPU.Build.0 = Debug|Any CPU
		{B8F0A0A1-72E8-1451-9AAC-E0AD6D2E713F}.Release|Any CPU.ActiveCfg = Release|Any CPU
		{B8F0A0A1-72E8-1451-9AAC-E0AD6D2E713F}.Release|Any CPU.Build.0 = Release|Any CPU
		{9E723E70-D57A-260F-7A22-F7558D3D117F}.Debug|Any CPU.ActiveCfg = Debug|Any CPU
		{9E723E70-D57A-260F-7A22-F7558D3D117F}.Debug|Any CPU.Build.0 = Debug|Any CPU
		{9E723E70-D57A-260F-7A22-F7558D3D117F}.Release|Any CPU.ActiveCfg = Release|Any CPU
		{9E723E70-D57A-260F-7A22-F7558D3D117F}.Release|Any CPU.Build.0 = Release|Any CPU
		{B0754782-2B1A-A1F6-9525-47C57B2C6C54}.Debug|Any CPU.ActiveCfg = Debug|Any CPU
		{B0754782-2B1A-A1F6-9525-47C57B2C6C54}.Debug|Any CPU.Build.0 = Debug|Any CPU
		{B0754782-2B1A-A1F6-9525-47C57B2C6C54}.Release|Any CPU.ActiveCfg = Release|Any CPU
		{B0754782-2B1A-A1F6-9525-47C57B2C6C54}.Release|Any CPU.Build.0 = Release|Any CPU
		{C36E4D3B-42CF-10DE-BA2E-2EB47F56D067}.Debug|Any CPU.ActiveCfg = Debug|Any CPU
		{C36E4D3B-42CF-10DE-BA2E-2EB47F56D067}.Debug|Any CPU.Build.0 = Debug|Any CPU
		{C36E4D3B-42CF-10DE-BA2E-2EB47F56D067}.Release|Any CPU.ActiveCfg = Release|Any CPU
		{C36E4D3B-42CF-10DE-BA2E-2EB47F56D067}.Release|Any CPU.Build.0 = Release|Any CPU
		{9A89ECAE-10CB-5C08-387A-0C86E996B26E}.Debug|Any CPU.ActiveCfg = Debug|Any CPU
		{9A89ECAE-10CB-5C08-387A-0C86E996B26E}.Debug|Any CPU.Build.0 = Debug|Any CPU
		{9A89ECAE-10CB-5C08-387A-0C86E996B26E}.Release|Any CPU.ActiveCfg = Release|Any CPU
		{9A89ECAE-10CB-5C08-387A-0C86E996B26E}.Release|Any CPU.Build.0 = Release|Any CPU
		{F3F84F31-B572-D485-A56B-77EE5792E43D}.Debug|Any CPU.ActiveCfg = Debug|Any CPU
		{F3F84F31-B572-D485-A56B-77EE5792E43D}.Debug|Any CPU.Build.0 = Debug|Any CPU
		{F3F84F31-B572-D485-A56B-77EE5792E43D}.Release|Any CPU.ActiveCfg = Release|Any CPU
		{F3F84F31-B572-D485-A56B-77EE5792E43D}.Release|Any CPU.Build.0 = Release|Any CPU
		{7BA333C9-4AC2-F9B9-CDDF-C16FEC76A0BD}.Debug|Any CPU.ActiveCfg = Debug|Any CPU
		{7BA333C9-4AC2-F9B9-CDDF-C16FEC76A0BD}.Debug|Any CPU.Build.0 = Debug|Any CPU
		{7BA333C9-4AC2-F9B9-CDDF-C16FEC76A0BD}.Release|Any CPU.ActiveCfg = Release|Any CPU
		{7BA333C9-4AC2-F9B9-CDDF-C16FEC76A0BD}.Release|Any CPU.Build.0 = Release|Any CPU
		{43846172-65AA-FE49-DC6A-0405266BA116}.Debug|Any CPU.ActiveCfg = Debug|Any CPU
		{43846172-65AA-FE49-DC6A-0405266BA116}.Debug|Any CPU.Build.0 = Debug|Any CPU
		{43846172-65AA-FE49-DC6A-0405266BA116}.Release|Any CPU.ActiveCfg = Release|Any CPU
		{43846172-65AA-FE49-DC6A-0405266BA116}.Release|Any CPU.Build.0 = Release|Any CPU
		{506AB157-5060-87FC-A2FB-FFDF88FADA5F}.Debug|Any CPU.ActiveCfg = Debug|Any CPU
		{506AB157-5060-87FC-A2FB-FFDF88FADA5F}.Debug|Any CPU.Build.0 = Debug|Any CPU
		{506AB157-5060-87FC-A2FB-FFDF88FADA5F}.Release|Any CPU.ActiveCfg = Release|Any CPU
		{506AB157-5060-87FC-A2FB-FFDF88FADA5F}.Release|Any CPU.Build.0 = Release|Any CPU
		{F985B032-7710-811F-F253-87F4907C365C}.Debug|Any CPU.ActiveCfg = Debug|Any CPU
		{F985B032-7710-811F-F253-87F4907C365C}.Debug|Any CPU.Build.0 = Debug|Any CPU
		{F985B032-7710-811F-F253-87F4907C365C}.Release|Any CPU.ActiveCfg = Release|Any CPU
		{F985B032-7710-811F-F253-87F4907C365C}.Release|Any CPU.Build.0 = Release|Any CPU
		{38665895-87D4-8C59-FC54-2E0C4F30517A}.Debug|Any CPU.ActiveCfg = Debug|Any CPU
		{38665895-87D4-8C59-FC54-2E0C4F30517A}.Debug|Any CPU.Build.0 = Debug|Any CPU
		{38665895-87D4-8C59-FC54-2E0C4F30517A}.Release|Any CPU.ActiveCfg = Release|Any CPU
		{38665895-87D4-8C59-FC54-2E0C4F30517A}.Release|Any CPU.Build.0 = Release|Any CPU
		{B0E125AB-071F-A717-53AB-D8D09A0A0870}.Debug|Any CPU.ActiveCfg = Debug|Any CPU
		{B0E125AB-071F-A717-53AB-D8D09A0A0870}.Debug|Any CPU.Build.0 = Debug|Any CPU
		{B0E125AB-071F-A717-53AB-D8D09A0A0870}.Release|Any CPU.ActiveCfg = Release|Any CPU
		{B0E125AB-071F-A717-53AB-D8D09A0A0870}.Release|Any CPU.Build.0 = Release|Any CPU
		{3BBF954A-8417-1CBD-5065-8746EF20762A}.Debug|Any CPU.ActiveCfg = Debug|Any CPU
		{3BBF954A-8417-1CBD-5065-8746EF20762A}.Debug|Any CPU.Build.0 = Debug|Any CPU
		{3BBF954A-8417-1CBD-5065-8746EF20762A}.Release|Any CPU.ActiveCfg = Release|Any CPU
		{3BBF954A-8417-1CBD-5065-8746EF20762A}.Release|Any CPU.Build.0 = Release|Any CPU
		{80684121-89AE-98EB-5AB7-5394345455A9}.Debug|Any CPU.ActiveCfg = Debug|Any CPU
		{80684121-89AE-98EB-5AB7-5394345455A9}.Debug|Any CPU.Build.0 = Debug|Any CPU
		{80684121-89AE-98EB-5AB7-5394345455A9}.Release|Any CPU.ActiveCfg = Release|Any CPU
		{80684121-89AE-98EB-5AB7-5394345455A9}.Release|Any CPU.Build.0 = Release|Any CPU
	EndGlobalSection
	GlobalSection(SolutionProperties) = preSolution
		HideSolutionNode = FALSE
	EndGlobalSection
	GlobalSection(NestedProjects) = preSolution
		{CF145DEC-C1BE-AA95-EAB7-2775EF6D7C46} = {DF173627-ACA5-12FD-23F9-235B83D7F89A}
		{4F7A5081-5619-C624-E6B8-F03A74D39B07} = {CF145DEC-C1BE-AA95-EAB7-2775EF6D7C46}
		{4A0B1762-D14B-9BCB-248A-BABA5A429548} = {DF173627-ACA5-12FD-23F9-235B83D7F89A}
		{BD120EC5-D62B-EFDD-E271-E566F23A483C} = {4A0B1762-D14B-9BCB-248A-BABA5A429548}
		{A9A6C01E-EB6D-E2BD-3B41-3862F28747D5} = {DF173627-ACA5-12FD-23F9-235B83D7F89A}
		{C2116322-E0A3-9A98-F3F5-04297CA81DCF} = {A9A6C01E-EB6D-E2BD-3B41-3862F28747D5}
		{F01FB36B-A9E5-524D-8508-AAA486F6D7E4} = {90C0C08D-8EBE-550D-E0B5-AEEA9C22D46E}
		{2CFB8806-ED68-6C20-27AA-FEB3A4A9C6F0} = {F01FB36B-A9E5-524D-8508-AAA486F6D7E4}
		{9365D833-01DF-65FA-3924-12E571E46FA4} = {90C0C08D-8EBE-550D-E0B5-AEEA9C22D46E}
		{330166B4-16B6-2271-0918-8AF8C956A65F} = {9365D833-01DF-65FA-3924-12E571E46FA4}
		{61EDA8BB-58FE-2EF0-CF93-B6CD6C313326} = {90C0C08D-8EBE-550D-E0B5-AEEA9C22D46E}
		{34EFEEBF-86C7-8896-6311-43177B74C44A} = {61EDA8BB-58FE-2EF0-CF93-B6CD6C313326}
		{A4982DA6-C8AE-AB35-69E8-EF9C0749AB59} = {296032B5-9ABF-E3B8-7628-92A72283A574}
		{C44D513D-4876-647D-FA45-EF9564F94F76} = {A4982DA6-C8AE-AB35-69E8-EF9C0749AB59}
		{47DA59AF-9360-948C-7165-72B89F0D5FA1} = {296032B5-9ABF-E3B8-7628-92A72283A574}
		{61C02ADA-EF2C-6DE3-1F68-D4F9FEB23E8A} = {47DA59AF-9360-948C-7165-72B89F0D5FA1}
		{C3F253AA-B58D-D314-8A42-74200E002742} = {296032B5-9ABF-E3B8-7628-92A72283A574}
		{107D9801-72D3-A05C-A184-A76B45E49280} = {C3F253AA-B58D-D314-8A42-74200E002742}
		{A44A9F6F-C7CF-BF3D-4762-1342D81FD466} = {323CD3D6-9173-0722-1A84-D17C70DFCCFA}
		{23649236-E688-F120-5B31-ED4B944DBA10} = {A44A9F6F-C7CF-BF3D-4762-1342D81FD466}
		{FD0A70DA-D8DE-1F8D-223C-B8CEED73CB34} = {323CD3D6-9173-0722-1A84-D17C70DFCCFA}
		{D27322D6-7F5E-AEF4-57F6-B9AB739A38F9} = {FD0A70DA-D8DE-1F8D-223C-B8CEED73CB34}
		{09CAAF85-C73F-66AB-D87D-2B09A2D32E8B} = {323CD3D6-9173-0722-1A84-D17C70DFCCFA}
		{86CDA5C3-E8CA-401E-7603-DE1DC1A7364E} = {09CAAF85-C73F-66AB-D87D-2B09A2D32E8B}
		{8B8E4D51-FC82-F6E4-2BCA-13A5E5FB6694} = {8D732E59-9706-F40E-D1C7-3FD034A8AA7D}
		{D4AE3F2C-2128-1C41-FC18-67FC45F1AD03} = {8B8E4D51-FC82-F6E4-2BCA-13A5E5FB6694}
		{876907B7-27EC-4CFE-E5ED-21E1E1F5F8D6} = {8D732E59-9706-F40E-D1C7-3FD034A8AA7D}
		{BD5B8B01-3B28-F599-6FC2-6BE26393F544} = {876907B7-27EC-4CFE-E5ED-21E1E1F5F8D6}
		{50C1E196-B079-6C6D-4070-F4B3D3BA6157} = {8D732E59-9706-F40E-D1C7-3FD034A8AA7D}
		{520D2F4F-F188-5E20-6D3F-87CA96F2AF67} = {50C1E196-B079-6C6D-4070-F4B3D3BA6157}
		{8D6C53A6-9A23-8B5D-D154-FCF788458635} = {E89A2F7A-0448-E749-C7CF-65632820F9C1}
		{D5FF76C8-9BF4-8F25-C50A-C554D6248858} = {8D6C53A6-9A23-8B5D-D154-FCF788458635}
		{F4996677-A6B3-1D5D-C024-7BD182D4A8BA} = {E89A2F7A-0448-E749-C7CF-65632820F9C1}
		{4E065E12-3471-6DF6-069A-8DD32E2B87CD} = {F4996677-A6B3-1D5D-C024-7BD182D4A8BA}
		{D534BC8E-00FF-0A05-3B7C-C3BADEC05511} = {E89A2F7A-0448-E749-C7CF-65632820F9C1}
		{A2740A1A-0C7C-F670-DC27-AEFE973B215C} = {D534BC8E-00FF-0A05-3B7C-C3BADEC05511}
		{0B213B14-424F-AFD6-642E-FC327507AB5A} = {2C9E502E-D04B-3D3D-DCF5-AD1D46DACA15}
		{A01F6AFD-1402-5815-01DA-A68C58650D24} = {0B213B14-424F-AFD6-642E-FC327507AB5A}
		{E8787872-FC6F-176B-17B7-19EC54A4F281} = {2C9E502E-D04B-3D3D-DCF5-AD1D46DACA15}
		{2F2C0B55-0ADF-E1EC-AE48-ABC13ED960B7} = {E8787872-FC6F-176B-17B7-19EC54A4F281}
		{62DB9154-3CE4-3AED-6098-FC086B0569CB} = {2C9E502E-D04B-3D3D-DCF5-AD1D46DACA15}
		{DA0561AE-0A00-D155-48C2-E28EA8DDE39E} = {62DB9154-3CE4-3AED-6098-FC086B0569CB}
		{D68BEFA2-0E2C-A039-1E6D-02D4FDC6EEA1} = {D15183F9-8454-3CEF-DAF8-582F5215D342}
		{29D1CA41-424D-6E1C-3F29-E89485705782} = {D68BEFA2-0E2C-A039-1E6D-02D4FDC6EEA1}
		{E7B2B85F-B921-931C-0505-EA3CFBC35AFE} = {D15183F9-8454-3CEF-DAF8-582F5215D342}
		{B8F0A0A1-72E8-1451-9AAC-E0AD6D2E713F} = {E7B2B85F-B921-931C-0505-EA3CFBC35AFE}
		{5D213FDB-7089-98EB-009B-3E971CD47DE4} = {D15183F9-8454-3CEF-DAF8-582F5215D342}
		{9E723E70-D57A-260F-7A22-F7558D3D117F} = {5D213FDB-7089-98EB-009B-3E971CD47DE4}
		{6F6F03D8-5E79-0262-E2A3-55A46F18C549} = {362B53DA-4DF9-E3E9-0B35-1FDA6110D520}
		{B0754782-2B1A-A1F6-9525-47C57B2C6C54} = {6F6F03D8-5E79-0262-E2A3-55A46F18C549}
		{37F91252-09CD-F1FD-15FF-F65C41A62A64} = {362B53DA-4DF9-E3E9-0B35-1FDA6110D520}
		{C36E4D3B-42CF-10DE-BA2E-2EB47F56D067} = {37F91252-09CD-F1FD-15FF-F65C41A62A64}
		{BEDA198B-C237-82BF-5EB5-9812D2575961} = {362B53DA-4DF9-E3E9-0B35-1FDA6110D520}
		{9A89ECAE-10CB-5C08-387A-0C86E996B26E} = {BEDA198B-C237-82BF-5EB5-9812D2575961}
		{ADA712C3-9190-076C-A1F7-BF36A7B26507} = {43248F13-1DCA-5F22-26C1-D82CF8A76A70}
		{F3F84F31-B572-D485-A56B-77EE5792E43D} = {ADA712C3-9190-076C-A1F7-BF36A7B26507}
		{74118F59-1FA3-671B-6F69-6C555B913879} = {43248F13-1DCA-5F22-26C1-D82CF8A76A70}
		{7BA333C9-4AC2-F9B9-CDDF-C16FEC76A0BD} = {74118F59-1FA3-671B-6F69-6C555B913879}
		{39E1AF96-4B71-D597-B21A-917017DD4BBD} = {43248F13-1DCA-5F22-26C1-D82CF8A76A70}
		{43846172-65AA-FE49-DC6A-0405266BA116} = {39E1AF96-4B71-D597-B21A-917017DD4BBD}
		{EA7036EE-5B97-0D45-B0A8-EE1465D96B56} = {1864D61D-C755-22EE-C80E-6F847A25EF3E}
		{506AB157-5060-87FC-A2FB-FFDF88FADA5F} = {EA7036EE-5B97-0D45-B0A8-EE1465D96B56}
		{7EC257A8-1FE2-4639-3601-670BD1278509} = {1864D61D-C755-22EE-C80E-6F847A25EF3E}
		{F985B032-7710-811F-F253-87F4907C365C} = {7EC257A8-1FE2-4639-3601-670BD1278509}
		{1E5A9F02-7A96-12B6-4B25-6F97423E7442} = {1864D61D-C755-22EE-C80E-6F847A25EF3E}
		{38665895-87D4-8C59-FC54-2E0C4F30517A} = {1E5A9F02-7A96-12B6-4B25-6F97423E7442}
		{1D595A03-E50D-639F-C85F-EA8E0E42B7D5} = {8E546C1F-B761-C9BA-A18F-7677E224EB7B}
		{B0E125AB-071F-A717-53AB-D8D09A0A0870} = {1D595A03-E50D-639F-C85F-EA8E0E42B7D5}
		{BCDCB0BA-2A1A-982D-B2D4-E1C2922CC8BF} = {8E546C1F-B761-C9BA-A18F-7677E224EB7B}
		{3BBF954A-8417-1CBD-5065-8746EF20762A} = {BCDCB0BA-2A1A-982D-B2D4-E1C2922CC8BF}
		{E80DAD0C-439D-5B7A-723B-061D72B17404} = {8E546C1F-B761-C9BA-A18F-7677E224EB7B}
		{80684121-89AE-98EB-5AB7-5394345455A9} = {E80DAD0C-439D-5B7A-723B-061D72B17404}
	EndGlobalSection
	GlobalSection(ExtensibilityGlobals) = postSolution
		SolutionGuid = {035CB6E6-0B35-4B88-99DD-494CCDDE24B5}
	EndGlobalSection
EndGlobal
